
Microsoft Visual Studio Solution File, Format Version 12.00
# Visual Studio Version 16
VisualStudioVersion = 16.0.31729.503
MinimumVisualStudioVersion = 10.0.40219.1
Project("{FAE04EC0-301F-11D3-BF4B-00C04F79EFBC}") = "API", "API\API.csproj", "{87520B87-E9FB-4BC4-9938-77ED3A328B01}"
EndProject
Global
	GlobalSection(SolutionConfigurationPlatforms) = preSolution
		Debug|Any CPU = Debug|Any CPU
		Release|Any CPU = Release|Any CPU
	EndGlobalSection
	GlobalSection(ProjectConfigurationPlatforms) = postSolution
		{87520B87-E9FB-4BC4-9938-77ED3A328B01}.Debug|Any CPU.ActiveCfg = Debug|Any CPU
		{87520B87-E9FB-4BC4-9938-77ED3A328B01}.Debug|Any CPU.Build.0 = Debug|Any CPU
		{87520B87-E9FB-4BC4-9938-77ED3A328B01}.Release|Any CPU.ActiveCfg = Release|Any CPU
		{87520B87-E9FB-4BC4-9938-77ED3A328B01}.Release|Any CPU.Build.0 = Release|Any CPU
	EndGlobalSection
	GlobalSection(SolutionProperties) = preSolution
		HideSolutionNode = FALSE
	EndGlobalSection
	GlobalSection(ExtensibilityGlobals) = postSolution
		SolutionGuid = {8DF014DF-D0DB-4BBA-B487-9268F6D4D75F}
	EndGlobalSection
EndGlobal
